
Microsoft Visual Studio Solution File, Format Version 12.00
# Visual Studio Version 17
VisualStudioVersion = 17.0.32112.339
MinimumVisualStudioVersion = 10.0.40219.1
Project("{2150E333-8FDC-42A3-9474-1A3956D46DE8}") = "Core", "Core", "{019EDC90-75A6-4A4F-A2EE-B78299C9CA40}"
EndProject
Project("{2150E333-8FDC-42A3-9474-1A3956D46DE8}") = "Infrastructure", "Infrastructure", "{B8F85525-5867-429F-A5E2-1C3BCFF2BB6D}"
EndProject
Project("{2150E333-8FDC-42A3-9474-1A3956D46DE8}") = "Presentation", "Presentation", "{7B734721-1C56-4E2B-8FD6-14E1E6BC042B}"
EndProject
Project("{2150E333-8FDC-42A3-9474-1A3956D46DE8}") = "Tests", "Tests", "{AFA06FDB-75F7-4AA4-939C-DD58D53006AA}"
EndProject
Project("{9A19103F-16F7-4668-BE54-9A1E7A4F7556}") = "Footballer.Application", "Footballer.Application\Footballer.Application.csproj", "{85D155E9-CCD1-40AE-B04F-E71FF5E1A8CF}"
EndProject
Project("{9A19103F-16F7-4668-BE54-9A1E7A4F7556}") = "Footballer.Persistence", "Footballer.Persistence\Footballer.Persistence.csproj", "{AA22CEB0-3895-4F20-BF7C-3F73A1ABF0DF}"
EndProject
Project("{9A19103F-16F7-4668-BE54-9A1E7A4F7556}") = "AJAX-Kyiv.WEBApi", "AJAX-Kyiv.WEBApi\AJAX-Kyiv.WEBApi.csproj", "{AFF3A833-9177-47C1-8587-63304052D951}"
EndProject
Project("{9A19103F-16F7-4668-BE54-9A1E7A4F7556}") = "Commands", "Commands\Commands.csproj", "{31A23FF7-BF67-4AD2-AFFE-27ED5B07D803}"
EndProject
Project("{9A19103F-16F7-4668-BE54-9A1E7A4F7556}") = "Queries", "Queries\Queries.csproj", "{BB7B9759-04D1-4EEB-8B53-13925FA46569}"
EndProject
Project("{9A19103F-16F7-4668-BE54-9A1E7A4F7556}") = "AJAXKyiv.Domain", "AJAXKyiv.Domain\AJAXKyiv.Domain.csproj", "{4057EEA0-45B1-4A35-A666-4103220797C2}"
EndProject
Project("{FAE04EC0-301F-11D3-BF4B-00C04F79EFBC}") = "Footballers.Tests", "Footballers.Tests\Footballers.Tests.csproj", "{033F5F81-8E3C-43D3-A71C-54FC428368EA}"
EndProject
Global
	GlobalSection(SolutionConfigurationPlatforms) = preSolution
		Debug|Any CPU = Debug|Any CPU
		Release|Any CPU = Release|Any CPU
	EndGlobalSection
	GlobalSection(ProjectConfigurationPlatforms) = postSolution
		{85D155E9-CCD1-40AE-B04F-E71FF5E1A8CF}.Debug|Any CPU.ActiveCfg = Debug|Any CPU
		{85D155E9-CCD1-40AE-B04F-E71FF5E1A8CF}.Debug|Any CPU.Build.0 = Debug|Any CPU
		{85D155E9-CCD1-40AE-B04F-E71FF5E1A8CF}.Release|Any CPU.ActiveCfg = Release|Any CPU
		{85D155E9-CCD1-40AE-B04F-E71FF5E1A8CF}.Release|Any CPU.Build.0 = Release|Any CPU
		{AA22CEB0-3895-4F20-BF7C-3F73A1ABF0DF}.Debug|Any CPU.ActiveCfg = Debug|Any CPU
		{AA22CEB0-3895-4F20-BF7C-3F73A1ABF0DF}.Debug|Any CPU.Build.0 = Debug|Any CPU
		{AA22CEB0-3895-4F20-BF7C-3F73A1ABF0DF}.Release|Any CPU.ActiveCfg = Release|Any CPU
		{AA22CEB0-3895-4F20-BF7C-3F73A1ABF0DF}.Release|Any CPU.Build.0 = Release|Any CPU
		{AFF3A833-9177-47C1-8587-63304052D951}.Debug|Any CPU.ActiveCfg = Debug|Any CPU
		{AFF3A833-9177-47C1-8587-63304052D951}.Debug|Any CPU.Build.0 = Debug|Any CPU
		{AFF3A833-9177-47C1-8587-63304052D951}.Release|Any CPU.ActiveCfg = Release|Any CPU
		{AFF3A833-9177-47C1-8587-63304052D951}.Release|Any CPU.Build.0 = Release|Any CPU
		{31A23FF7-BF67-4AD2-AFFE-27ED5B07D803}.Debug|Any CPU.ActiveCfg = Debug|Any CPU
		{31A23FF7-BF67-4AD2-AFFE-27ED5B07D803}.Debug|Any CPU.Build.0 = Debug|Any CPU
		{31A23FF7-BF67-4AD2-AFFE-27ED5B07D803}.Release|Any CPU.ActiveCfg = Release|Any CPU
		{31A23FF7-BF67-4AD2-AFFE-27ED5B07D803}.Release|Any CPU.Build.0 = Release|Any CPU
		{BB7B9759-04D1-4EEB-8B53-13925FA46569}.Debug|Any CPU.ActiveCfg = Debug|Any CPU
		{BB7B9759-04D1-4EEB-8B53-13925FA46569}.Debug|Any CPU.Build.0 = Debug|Any CPU
		{BB7B9759-04D1-4EEB-8B53-13925FA46569}.Release|Any CPU.ActiveCfg = Release|Any CPU
		{BB7B9759-04D1-4EEB-8B53-13925FA46569}.Release|Any CPU.Build.0 = Release|Any CPU
		{4057EEA0-45B1-4A35-A666-4103220797C2}.Debug|Any CPU.ActiveCfg = Debug|Any CPU
		{4057EEA0-45B1-4A35-A666-4103220797C2}.Debug|Any CPU.Build.0 = Debug|Any CPU
		{4057EEA0-45B1-4A35-A666-4103220797C2}.Release|Any CPU.ActiveCfg = Release|Any CPU
		{4057EEA0-45B1-4A35-A666-4103220797C2}.Release|Any CPU.Build.0 = Release|Any CPU
		{033F5F81-8E3C-43D3-A71C-54FC428368EA}.Debug|Any CPU.ActiveCfg = Debug|Any CPU
		{033F5F81-8E3C-43D3-A71C-54FC428368EA}.Debug|Any CPU.Build.0 = Debug|Any CPU
		{033F5F81-8E3C-43D3-A71C-54FC428368EA}.Release|Any CPU.ActiveCfg = Release|Any CPU
		{033F5F81-8E3C-43D3-A71C-54FC428368EA}.Release|Any CPU.Build.0 = Release|Any CPU
	EndGlobalSection
	GlobalSection(SolutionProperties) = preSolution
		HideSolutionNode = FALSE
	EndGlobalSection
	GlobalSection(NestedProjects) = preSolution
		{85D155E9-CCD1-40AE-B04F-E71FF5E1A8CF} = {019EDC90-75A6-4A4F-A2EE-B78299C9CA40}
		{AA22CEB0-3895-4F20-BF7C-3F73A1ABF0DF} = {B8F85525-5867-429F-A5E2-1C3BCFF2BB6D}
		{AFF3A833-9177-47C1-8587-63304052D951} = {7B734721-1C56-4E2B-8FD6-14E1E6BC042B}
		{31A23FF7-BF67-4AD2-AFFE-27ED5B07D803} = {019EDC90-75A6-4A4F-A2EE-B78299C9CA40}
		{BB7B9759-04D1-4EEB-8B53-13925FA46569} = {019EDC90-75A6-4A4F-A2EE-B78299C9CA40}
		{4057EEA0-45B1-4A35-A666-4103220797C2} = {019EDC90-75A6-4A4F-A2EE-B78299C9CA40}
		{033F5F81-8E3C-43D3-A71C-54FC428368EA} = {AFA06FDB-75F7-4AA4-939C-DD58D53006AA}
	EndGlobalSection
	GlobalSection(ExtensibilityGlobals) = postSolution
		SolutionGuid = {D7EE7A4D-ACCC-4C7B-9CD0-166E7C917B6C}
	EndGlobalSection
EndGlobal
